# This file is automatically @generated by Poetry 1.7.1 and should not be changed by hand.

[[package]]
name = "gcodeparser"
version = "0.2.0"
description = "Python gcode parser"
optional = false
python-versions = "*"
files = [
    {file = "gcodeparser-0.2.0-py3-none-any.whl", hash = "sha256:80a6cc24be4d60c6edcfc1f6df22aa2f3a068baa3cc5653c904f1aa0743d0e3a"},
    {file = "gcodeparser-0.2.0.tar.gz", hash = "sha256:c26bc1cd6afa7448130dc4cf8112b262f67fe297f946209973c5fcdca1e18fc6"},
]

[[package]]
name = "ncparse"
version = "1.0.7"
description = "CNC G and M Code code parseer"
optional = false
python-versions = "*"
files = [
    {file = "NCParse-1.0.7-py3-none-any.whl", hash = "sha256:6f729764b0690d5709f37e06ddcb8943974053cd671e80601350f1b560437a36"},
    {file = "NCParse-1.0.7.tar.gz", hash = "sha256:d82c35a8bee59a275eb4f596a17c85829073adeadfdbf0de85ea91a8fba15f1f"},
]

[metadata]
lock-version = "2.0"
python-versions = "^3.11"
content-hash = "29143c3015df6d07da3574e581dac05fc89b488b1b0a3769a5a5c384657b5677"
